
Microsoft Visual Studio Solution File, Format Version 12.00
# Visual Studio Version 16
VisualStudioVersion = 25.0.1706.9
MinimumVisualStudioVersion = 10.0.40219.1
Project("{FAE04EC0-301F-11D3-BF4B-00C04F79EFBC}") = "Лр_3", "Лр_3\Лр_3.csproj", "{258C2B76-8F7C-4A45-B60F-CB8CCFF904EC}"
EndProject
Global
	GlobalSection(SolutionConfigurationPlatforms) = preSolution
		Debug|Any CPU = Debug|Any CPU
		Release|Any CPU = Release|Any CPU
	EndGlobalSection
	GlobalSection(ProjectConfigurationPlatforms) = postSolution
		{258C2B76-8F7C-4A45-B60F-CB8CCFF904EC}.Debug|Any CPU.ActiveCfg = Debug|Any CPU
		{258C2B76-8F7C-4A45-B60F-CB8CCFF904EC}.Debug|Any CPU.Build.0 = Debug|Any CPU
		{258C2B76-8F7C-4A45-B60F-CB8CCFF904EC}.Release|Any CPU.ActiveCfg = Release|Any CPU
		{258C2B76-8F7C-4A45-B60F-CB8CCFF904EC}.Release|Any CPU.Build.0 = Release|Any CPU
	EndGlobalSection
	GlobalSection(SolutionProperties) = preSolution
		HideSolutionNode = FALSE
	EndGlobalSection
	GlobalSection(ExtensibilityGlobals) = postSolution
		SolutionGuid = {1FA92772-8462-4E02-B2D5-A62667E9B3C6}
	EndGlobalSection
EndGlobal
