
Microsoft Visual Studio Solution File, Format Version 12.00
# Visual Studio Version 16
VisualStudioVersion = 25.0.1706.9
MinimumVisualStudioVersion = 10.0.40219.1
Project("{FAE04EC0-301F-11D3-BF4B-00C04F79EFBC}") = "Лр_5", "Лр_5\Лр_5.csproj", "{86FB7D1F-9E16-4CB7-A4D4-CBEBE30FCA0D}"
EndProject
Global
	GlobalSection(SolutionConfigurationPlatforms) = preSolution
		Debug|Any CPU = Debug|Any CPU
		Release|Any CPU = Release|Any CPU
	EndGlobalSection
	GlobalSection(ProjectConfigurationPlatforms) = postSolution
		{86FB7D1F-9E16-4CB7-A4D4-CBEBE30FCA0D}.Debug|Any CPU.ActiveCfg = Debug|Any CPU
		{86FB7D1F-9E16-4CB7-A4D4-CBEBE30FCA0D}.Debug|Any CPU.Build.0 = Debug|Any CPU
		{86FB7D1F-9E16-4CB7-A4D4-CBEBE30FCA0D}.Release|Any CPU.ActiveCfg = Release|Any CPU
		{86FB7D1F-9E16-4CB7-A4D4-CBEBE30FCA0D}.Release|Any CPU.Build.0 = Release|Any CPU
	EndGlobalSection
	GlobalSection(SolutionProperties) = preSolution
		HideSolutionNode = FALSE
	EndGlobalSection
	GlobalSection(ExtensibilityGlobals) = postSolution
		SolutionGuid = {B2697B86-F613-4158-AAE1-37CF72044FF3}
	EndGlobalSection
EndGlobal
